
Microsoft Visual Studio Solution File, Format Version 12.00
# Visual Studio Version 16
VisualStudioVersion = 16.0.31205.134
MinimumVisualStudioVersion = 10.0.40219.1
Project("{8BC9CEB8-8B4A-11D0-8D11-00A0C91BC942}") = "final Build", "finalBuild\ModelTextures.vcxproj", "{5B73A3D2-001F-4858-B7FB-ECE34901006C}"
EndProject
Global
	GlobalSection(SolutionConfigurationPlatforms) = preSolution
		Debug|x64 = Debug|x64
		Debug|x86 = Debug|x86
		Release|x64 = Release|x64
		Release|x86 = Release|x86
	EndGlobalSection
	GlobalSection(ProjectConfigurationPlatforms) = postSolution
		{5B73A3D2-001F-4858-B7FB-ECE34901006C}.Debug|x64.ActiveCfg = Debug|x64
		{5B73A3D2-001F-4858-B7FB-ECE34901006C}.Debug|x64.Build.0 = Debug|x64
		{5B73A3D2-001F-4858-B7FB-ECE34901006C}.Debug|x86.ActiveCfg = Debug|Win32
		{5B73A3D2-001F-4858-B7FB-ECE34901006C}.Debug|x86.Build.0 = Debug|Win32
		{5B73A3D2-001F-4858-B7FB-ECE34901006C}.Release|x64.ActiveCfg = Release|x64
		{5B73A3D2-001F-4858-B7FB-ECE34901006C}.Release|x64.Build.0 = Release|x64
		{5B73A3D2-001F-4858-B7FB-ECE34901006C}.Release|x86.ActiveCfg = Release|Win32
		{5B73A3D2-001F-4858-B7FB-ECE34901006C}.Release|x86.Build.0 = Release|Win32
	EndGlobalSection
	GlobalSection(SolutionProperties) = preSolution
		HideSolutionNode = FALSE
	EndGlobalSection
	GlobalSection(ExtensibilityGlobals) = postSolution
		SolutionGuid = {FBA547C0-66FB-4FCC-8A3D-DBA50A898AC9}
	EndGlobalSection
EndGlobal
